
Microsoft Visual Studio Solution File, Format Version 12.00
# Visual Studio 15
Project("{FAE04EC0-301F-11D3-BF4B-00C04F79EFBC}") = "Assembly-CSharp", "Assembly-CSharp.csproj", "{37E40AEC-A80C-90A3-8579-71E7DF625D07}"
EndProject
Project("{FAE04EC0-301F-11D3-BF4B-00C04F79EFBC}") = "Assembly-CSharp-Editor", "Assembly-CSharp-Editor.csproj", "{FB0A032F-258A-63A0-5629-8D6DC705EF11}"
EndProject
Global
	GlobalSection(SolutionConfigurationPlatforms) = preSolution
		Debug|Any CPU = Debug|Any CPU
		Release|Any CPU = Release|Any CPU
	EndGlobalSection
	GlobalSection(ProjectConfigurationPlatforms) = postSolution
		{37E40AEC-A80C-90A3-8579-71E7DF625D07}.Debug|Any CPU.ActiveCfg = Debug|Any CPU
		{37E40AEC-A80C-90A3-8579-71E7DF625D07}.Debug|Any CPU.Build.0 = Debug|Any CPU
		{37E40AEC-A80C-90A3-8579-71E7DF625D07}.Release|Any CPU.ActiveCfg = Release|Any CPU
		{37E40AEC-A80C-90A3-8579-71E7DF625D07}.Release|Any CPU.Build.0 = Release|Any CPU
		{FB0A032F-258A-63A0-5629-8D6DC705EF11}.Debug|Any CPU.ActiveCfg = Debug|Any CPU
		{FB0A032F-258A-63A0-5629-8D6DC705EF11}.Debug|Any CPU.Build.0 = Debug|Any CPU
		{FB0A032F-258A-63A0-5629-8D6DC705EF11}.Release|Any CPU.ActiveCfg = Release|Any CPU
		{FB0A032F-258A-63A0-5629-8D6DC705EF11}.Release|Any CPU.Build.0 = Release|Any CPU
	EndGlobalSection
	GlobalSection(SolutionProperties) = preSolution
		HideSolutionNode = FALSE
	EndGlobalSection
EndGlobal
